
Microsoft Visual Studio Solution File, Format Version 12.00
# Visual Studio 2015
Project("{FAE04EC0-301F-11D3-BF4B-00C04F79EFBC}") = "HammerDown.CSharp.Plugins", "HammerDown.CSharp.Plugins.csproj", "{1EC96EB1-E5D5-6FBB-7402-602A45701DE8}"
EndProject
Project("{FAE04EC0-301F-11D3-BF4B-00C04F79EFBC}") = "HammerDown.CSharp", "HammerDown.CSharp.csproj", "{931DF6C8-3621-F41C-9EE6-96817D409A7A}"
EndProject
Project("{FAE04EC0-301F-11D3-BF4B-00C04F79EFBC}") = "HammerDown.CSharp.Editor", "HammerDown.CSharp.Editor.csproj", "{A476FA64-A75E-22E1-60BA-37F5424183DB}"
EndProject
Global
	GlobalSection(SolutionConfigurationPlatforms) = preSolution
		Debug|Any CPU = Debug|Any CPU
		Release|Any CPU = Release|Any CPU
	EndGlobalSection
	GlobalSection(ProjectConfigurationPlatforms) = postSolution
		{1EC96EB1-E5D5-6FBB-7402-602A45701DE8}.Debug|Any CPU.ActiveCfg = Debug|Any CPU
		{1EC96EB1-E5D5-6FBB-7402-602A45701DE8}.Debug|Any CPU.Build.0 = Debug|Any CPU
		{1EC96EB1-E5D5-6FBB-7402-602A45701DE8}.Release|Any CPU.ActiveCfg = Release|Any CPU
		{1EC96EB1-E5D5-6FBB-7402-602A45701DE8}.Release|Any CPU.Build.0 = Release|Any CPU
		{931DF6C8-3621-F41C-9EE6-96817D409A7A}.Debug|Any CPU.ActiveCfg = Debug|Any CPU
		{931DF6C8-3621-F41C-9EE6-96817D409A7A}.Debug|Any CPU.Build.0 = Debug|Any CPU
		{931DF6C8-3621-F41C-9EE6-96817D409A7A}.Release|Any CPU.ActiveCfg = Release|Any CPU
		{931DF6C8-3621-F41C-9EE6-96817D409A7A}.Release|Any CPU.Build.0 = Release|Any CPU
		{A476FA64-A75E-22E1-60BA-37F5424183DB}.Debug|Any CPU.ActiveCfg = Debug|Any CPU
		{A476FA64-A75E-22E1-60BA-37F5424183DB}.Debug|Any CPU.Build.0 = Debug|Any CPU
		{A476FA64-A75E-22E1-60BA-37F5424183DB}.Release|Any CPU.ActiveCfg = Release|Any CPU
		{A476FA64-A75E-22E1-60BA-37F5424183DB}.Release|Any CPU.Build.0 = Release|Any CPU
	EndGlobalSection
	GlobalSection(SolutionProperties) = preSolution
		HideSolutionNode = FALSE
	EndGlobalSection
EndGlobal
